# THIS IS AN AUTOGENERATED FILE. DO NOT EDIT THIS FILE DIRECTLY.
# yarn lockfile v1


"@babel/runtime@^7.5.1":
  version "7.9.2"
  resolved "https://registry.yarnpkg.com/@babel/runtime/-/runtime-7.9.2.tgz#d90df0583a3a252f09aaa619665367bae518db06"
  integrity sha512-NE2DtOdufG7R5vnfQUTehdTfNycfUANEtCa9PssN9O/xmTzP4E08UI797ixaei6hBEVL9BI/PsdJS5x7mWoB9Q==
  dependencies:
    regenerator-runtime "^0.13.4"

"@babel/runtime@^7.6.0":
  version "7.9.2"
  resolved "https://registry.yarnpkg.com/@babel/runtime/-/runtime-7.9.2.tgz#d90df0583a3a252f09aaa619665367bae518db06"
  integrity sha512-NE2DtOdufG7R5vnfQUTehdTfNycfUANEtCa9PssN9O/xmTzP4E08UI797ixaei6hBEVL9BI/PsdJS5x7mWoB9Q==
  dependencies:
    regenerator-runtime "^0.13.4"

"@babel/runtime@^7.7.4":
  version "7.9.2"
  resolved "https://registry.yarnpkg.com/@babel/runtime/-/runtime-7.9.2.tgz#d90df0583a3a252f09aaa619665367bae518db06"
  integrity sha512-NE2DtOdufG7R5vnfQUTehdTfNycfUANEtCa9PssN9O/xmTzP4E08UI797ixaei6hBEVL9BI/PsdJS5x7mWoB9Q==
  dependencies:
    regenerator-runtime "^0.13.4"

"@testing-library/jest-dom@4.2.4":
  version "4.2.4"
  resolved "https://registry.yarnpkg.com/@testing-library/jest-dom/-/jest-dom-4.2.4.tgz#00dfa0cbdd837d9a3c2a7f3f0a248ea6e7b89742"
  integrity sha512-j31Bn0rQo12fhCWOUWy9fl7wtqkp7In/YP2p5ZFyRuiiB9Qs3g+hS4gAmDWONbAHcRmVooNJ5eOHQDCOmUFXHg==
  dependencies:
    "@babel/runtime" "^7.5.1"
    chalk "^2.4.1"
    css "^2.2.3"
    css.escape "^1.5.1"
    jest-diff "^24.0.0"
    jest-matcher-utils "^24.0.0"
    lodash "^4.17.11"
    pretty-format "^24.0.0"
    redent "^3.0.0"

"@testing-library/react@9.3.2":
  version "9.3.2"
  resolved "https://registry.yarnpkg.com/@testing-library/react/-/react-9.3.2.tgz#418000daa980dafd2d9420cc733d661daece9aa0"
  integrity sha512-J6ftWtm218tOLS175MF9eWCxGp+X+cUXCpkPIin8KAXWtyZbr9CbqJ8M8QNd6spZxJDAGlw+leLG4MJWLlqVgg==
  dependencies:
    "@babel/runtime" "^7.6.0"
    "@testing-library/dom" "^6.3.0"
    "@types/testing-library__react" "^9.1.0"

"@testing-library/user-event@7.1.2":
  version "7.1.2"
  resolved "https://registry.yarnpkg.com/@testing-library/user-event/-/user-event-7.1.2.tgz#3a71bb8a45a1e08b71a54c9efcee9927f3895e80"
  integrity sha512-lDyCVxxgX5lrgCa75ELCfWcdEDyfisjqoDIM3YsghQ+lyViIac/qT67qabQ/HmoVxyikFKovjKwWdn3b/oKhZA==

axios@0.19.2:
  version "0.19.2"
  resolved "https://registry.yarnpkg.com/axios/-/axios-0.19.2.tgz#3ea36c5d8818d0d5f8a8a97a6d36b86cdc00cb27"
  integrity sha512-fjgm5MvRHLhx+osE2xoekY70AhARk3a6hkN+3Io1jc00jtquGvxYlKlsFUhmUET0V5te6CcZI7lcv2Ym61mjHA==
  dependencies:
    follow-redirects "1.5.10"

materialize-css@1.0.0:
  version "1.0.0"
  resolved "https://registry.yarnpkg.com/materialize-css/-/materialize-css-1.0.0.tgz#8d5db1c4a81c6d65f3b2e2ca83a8e08daa24d1be"
  integrity sha512-4/oecXl8y/1i8RDZvyvwAICyqwNoKU4or5uf8uoAd74k76KzZ0Llym4zhJ5lLNUskcqjO0AuMcvNyDkpz8Z6zw==

moment@2.27.0:
  version "2.27.0"
  resolved "https://registry.yarnpkg.com/moment/-/moment-2.27.0.tgz#8bff4e3e26a236220dfe3e36de756b6ebaa0105d"
  integrity sha512-al0MUK7cpIcglMv3YF13qSgdAIqxHTO7brRtaz3DlSULbqfazqkc5kEjNrLDOM7fsjshoFIihnU8snrP7zUvhQ==

react-dom@16.13.1:
  version "16.13.1"
  resolved "https://registry.yarnpkg.com/react-dom/-/react-dom-16.13.1.tgz#c1bd37331a0486c078ee54c4740720993b2e0e7f"
  integrity sha512-81PIMmVLnCNLO/fFOQxdQkvEq/+Hfpv24XNJfpyZhTRfO0QcmQIF/PgCa1zCOj2w1hrn12MFLyaJ/G0+Mxtfag==
  dependencies:
    loose-envify "^1.1.0"
    object-assign "^4.1.1"
    prop-types "^15.6.2"
    scheduler "^0.19.1"

react-modal@3.11.2:
  version "3.11.2"
  resolved "https://registry.yarnpkg.com/react-modal/-/react-modal-3.11.2.tgz#bad911976d4add31aa30dba8a41d11e21c4ac8a4"
  integrity sha512-o8gvvCOFaG1T7W6JUvsYjRjMVToLZgLIsi5kdhFIQCtHxDkA47LznX62j+l6YQkpXDbvQegsDyxe/+JJsFQN7w==
  dependencies:
    exenv "^1.2.0"
    prop-types "^15.5.10"
    react-lifecycles-compat "^3.0.0"
    warning "^4.0.3"

react-scripts@3.4.1:
  version "3.4.1"
  resolved "https://registry.yarnpkg.com/react-scripts/-/react-scripts-3.4.1.tgz#f551298b5c71985cc491b9acf3c8e8c0ae3ada0a"
  integrity sha512-JpTdi/0Sfd31mZA6Ukx+lq5j1JoKItX7qqEK4OiACjVQletM1P38g49d9/D0yTxp9FrSF+xpJFStkGgKEIRjlQ==
  dependencies:
    "@babel/core" "7.9.0"
    "@svgr/webpack" "4.3.3"
    "@typescript-eslint/eslint-plugin" "^2.10.0"
    "@typescript-eslint/parser" "^2.10.0"
    babel-eslint "10.1.0"
    babel-jest "^24.9.0"
    babel-loader "8.1.0"
    babel-plugin-named-asset-import "^0.3.6"
    babel-preset-react-app "^9.1.2"
    camelcase "^5.3.1"
    case-sensitive-paths-webpack-plugin "2.3.0"
    css-loader "3.4.2"
    dotenv "8.2.0"
    dotenv-expand "5.1.0"
    eslint "^6.6.0"
    eslint-config-react-app "^5.2.1"
    eslint-loader "3.0.3"
    eslint-plugin-flowtype "4.6.0"
    eslint-plugin-import "2.20.1"
    eslint-plugin-jsx-a11y "6.2.3"
    eslint-plugin-react "7.19.0"
    eslint-plugin-react-hooks "^1.6.1"
    file-loader "4.3.0"
    fs-extra "^8.1.0"
    html-webpack-plugin "4.0.0-beta.11"
    identity-obj-proxy "3.0.0"
    jest "24.9.0"
    jest-environment-jsdom-fourteen "1.0.1"
    jest-resolve "24.9.0"
    jest-watch-typeahead "0.4.2"
    mini-css-extract-plugin "0.9.0"
    optimize-css-assets-webpack-plugin "5.0.3"
    pnp-webpack-plugin "1.6.4"
    postcss-flexbugs-fixes "4.1.0"
    postcss-loader "3.0.0"
    postcss-normalize "8.0.1"
    postcss-preset-env "6.7.0"
    postcss-safe-parser "4.0.1"
    react-app-polyfill "^1.0.6"
    react-dev-utils "^10.2.1"
    resolve "1.15.0"
    resolve-url-loader "3.1.1"
    sass-loader "8.0.2"
    semver "6.3.0"
    style-loader "0.23.1"
    terser-webpack-plugin "2.3.5"
    ts-pnp "1.1.6"
    url-loader "2.3.0"
    webpack "4.42.0"
    webpack-dev-server "3.10.3"
    webpack-manifest-plugin "2.2.0"
    workbox-webpack-plugin "4.3.1"
  optionalDependencies:
    fsevents "2.1.2"

react@16.13.1:
  version "16.13.1"
  resolved "https://registry.yarnpkg.com/react/-/react-16.13.1.tgz#2e818822f1a9743122c063d6410d85c1e3afe48e"
  integrity sha512-YMZQQq32xHLX0bz5Mnibv1/LHb3Sqzngu7xstSM+vrkE5Kzr9xE0yMByK5kMoTK30YVJE61WfbxIFFvfeDKT1w==
  dependencies:
    loose-envify "^1.1.0"
    object-assign "^4.1.1"
    prop-types "^15.6.2"

resolve@1.15.0:
  version "1.15.0"
  resolved "https://registry.yarnpkg.com/resolve/-/resolve-1.15.0.tgz#1b7ca96073ebb52e741ffd799f6b39ea462c67f5"
  integrity sha512-+hTmAldEGE80U2wJJDC1lebb5jWqvTYAfm3YZ1ckk1gBr0MnCqUKlwK1e+anaFljIl+F5tR5IoZcm4ZDA1zMQw==
  dependencies:
    path-parse "^1.0.6"

semver@6.3.0:
  version "6.3.0"
  resolved "https://registry.yarnpkg.com/semver/-/semver-6.3.0.tgz#ee0a64c8af5e8ceea67687b133761e1becbd1d3d"
  integrity sha512-b39TBaTSfV6yBrapU89p5fKekE2m/NwnDocOVruQFS1/veMgdzuPcnOM34M6CwxW8jH/lxEa5rBoDeUwu5HHTw==

semver@^6.0.0:
  version "6.3.0"
  resolved "https://registry.yarnpkg.com/semver/-/semver-6.3.0.tgz#ee0a64c8af5e8ceea67687b133761e1becbd1d3d"
  integrity sha512-b39TBaTSfV6yBrapU89p5fKekE2m/NwnDocOVruQFS1/veMgdzuPcnOM34M6CwxW8jH/lxEa5rBoDeUwu5HHTw==

semver@^6.1.2:
  version "6.3.0"
  resolved "https://registry.yarnpkg.com/semver/-/semver-6.3.0.tgz#ee0a64c8af5e8ceea67687b133761e1becbd1d3d"
  integrity sha512-b39TBaTSfV6yBrapU89p5fKekE2m/NwnDocOVruQFS1/veMgdzuPcnOM34M6CwxW8jH/lxEa5rBoDeUwu5HHTw==

semver@^6.2.0:
  version "6.3.0"
  resolved "https://registry.yarnpkg.com/semver/-/semver-6.3.0.tgz#ee0a64c8af5e8ceea67687b133761e1becbd1d3d"
  integrity sha512-b39TBaTSfV6yBrapU89p5fKekE2m/NwnDocOVruQFS1/veMgdzuPcnOM34M6CwxW8jH/lxEa5rBoDeUwu5HHTw==

semver@^6.3.0:
  version "6.3.0"
  resolved "https://registry.yarnpkg.com/semver/-/semver-6.3.0.tgz#ee0a64c8af5e8ceea67687b133761e1becbd1d3d"
  integrity sha512-b39TBaTSfV6yBrapU89p5fKekE2m/NwnDocOVruQFS1/veMgdzuPcnOM34M6CwxW8jH/lxEa5rBoDeUwu5HHTw==
